
Microsoft Visual Studio Solution File, Format Version 12.00
# Visual Studio 15
VisualStudioVersion = 15.0.28307.489
MinimumVisualStudioVersion = 10.0.40219.1
Project("{FAE04EC0-301F-11D3-BF4B-00C04F79EFBC}") = "WebAdvert.SearchWorker", "WebAdvert.SearchWorker\WebAdvert.SearchWorker.csproj", "{606DD7E2-6A69-4B11-A9B1-39B044BB699B}"
EndProject
Global
	GlobalSection(SolutionConfigurationPlatforms) = preSolution
		Debug|Any CPU = Debug|Any CPU
		Release|Any CPU = Release|Any CPU
	EndGlobalSection
	GlobalSection(ProjectConfigurationPlatforms) = postSolution
		{606DD7E2-6A69-4B11-A9B1-39B044BB699B}.Debug|Any CPU.ActiveCfg = Debug|Any CPU
		{606DD7E2-6A69-4B11-A9B1-39B044BB699B}.Debug|Any CPU.Build.0 = Debug|Any CPU
		{606DD7E2-6A69-4B11-A9B1-39B044BB699B}.Release|Any CPU.ActiveCfg = Release|Any CPU
		{606DD7E2-6A69-4B11-A9B1-39B044BB699B}.Release|Any CPU.Build.0 = Release|Any CPU
	EndGlobalSection
	GlobalSection(SolutionProperties) = preSolution
		HideSolutionNode = FALSE
	EndGlobalSection
	GlobalSection(ExtensibilityGlobals) = postSolution
		SolutionGuid = {F4B53D4A-AA73-4610-B29C-61D3DD70C0D6}
	EndGlobalSection
EndGlobal
